// !$*UTF8*$!
{
	archiveVersion = 1;
	classes = {
	};
	objectVersion = 46;
	objects = {

/* Begin PBXBuildFile section */
		AD808DB616527E95007457F5 /* icon@2x.png in Resources */ = {isa = PBXBuildFile; fileRef = AD808DB416527E95007457F5 /* icon@2x.png */; };
		AD808DB716527E95007457F5 /* icon.png in Resources */ = {isa = PBXBuildFile; fileRef = AD808DB516527E95007457F5 /* icon.png */; };
		ADC7771216512B7200AA11E1 /* ViewController.m in Sources */ = {isa = PBXBuildFile; fileRef = ADC7771116512B7200AA11E1 /* ViewController.m */; };
		ADCAE84D1653C24E00B5EF9A /* pageControllerIndexActivity.png in Resources */ = {isa = PBXBuildFile; fileRef = ADCAE8491653C24E00B5EF9A /* pageControllerIndexActivity.png */; };
		ADCAE84E1653C24E00B5EF9A /* pageControllerIndexActivity@2x.png in Resources */ = {isa = PBXBuildFile; fileRef = ADCAE84A1653C24E00B5EF9A /* pageControllerIndexActivity@2x.png */; };
		ADCAE84F1653C24E00B5EF9A /* pageControllerIndexNormal.png in Resources */ = {isa = PBXBuildFile; fileRef = ADCAE84B1653C24E00B5EF9A /* pageControllerIndexNormal.png */; };
		ADCAE8501653C24E00B5EF9A /* pageControllerIndexNormal@2x.png in Resources */ = {isa = PBXBuildFile; fileRef = ADCAE84C1653C24E00B5EF9A /* pageControllerIndexNormal@2x.png */; };
		ADE927A81650A1450095F174 /* UIKit.framework in Frameworks */ = {isa = PBXBuildFile; fileRef = ADE927A71650A1450095F174 /* UIKit.framework */; };
		ADE927AA1650A1450095F174 /* Foundation.framework in Frameworks */ = {isa = PBXBuildFile; fileRef = ADE927A91650A1450095F174 /* Foundation.framework */; };
		ADE927AC1650A1450095F174 /* CoreGraphics.framework in Frameworks */ = {isa = PBXBuildFile; fileRef = ADE927AB1650A1450095F174 /* CoreGraphics.framework */; };
		ADE927B21650A1450095F174 /* InfoPlist.strings in Resources */ = {isa = PBXBuildFile; fileRef = ADE927B01650A1450095F174 /* InfoPlist.strings */; };
		ADE927B41650A1450095F174 /* main.m in Sources */ = {isa = PBXBuildFile; fileRef = ADE927B31650A1450095F174 /* main.m */; };
		ADE927B81650A1450095F174 /* AppDelegate.m in Sources */ = {isa = PBXBuildFile; fileRef = ADE927B71650A1450095F174 /* AppDelegate.m */; };
		ADE927C21650A1AE0095F174 /* UIListView.m in Sources */ = {isa = PBXBuildFile; fileRef = ADE927C11650A1AE0095F174 /* UIListView.m */; };
		ADE927C51650A1DD0095F174 /* UIListViewCell.m in Sources */ = {isa = PBXBuildFile; fileRef = ADE927C41650A1DD0095F174 /* UIListViewCell.m */; };
/* End PBXBuildFile section */

/* Begin PBXFileReference section */
		AD808DB416527E95007457F5 /* icon@2x.png */ = {isa = PBXFileReference; lastKnownFileType = image.png; path = "icon@2x.png"; sourceTree = "<group>"; };
		AD808DB516527E95007457F5 /* icon.png */ = {isa = PBXFileReference; lastKnownFileType = image.png; path = icon.png; sourceTree = "<group>"; };
		ADC7771016512B7200AA11E1 /* ViewController.h */ = {isa = PBXFileReference; fileEncoding = 4; lastKnownFileType = sourcecode.c.h; path = ViewController.h; sourceTree = "<group>"; };
		ADC7771116512B7200AA11E1 /* ViewController.m */ = {isa = PBXFileReference; fileEncoding = 4; lastKnownFileType = sourcecode.c.objc; path = ViewController.m; sourceTree = "<group>"; };
		ADCAE8491653C24E00B5EF9A /* pageControllerIndexActivity.png */ = {isa = PBXFileReference; lastKnownFileType = image.png; path = pageControllerIndexActivity.png; sourceTree = "<group>"; };
		ADCAE84A1653C24E00B5EF9A /* pageControllerIndexActivity@2x.png */ = {isa = PBXFileReference; lastKnownFileType = image.png; path = "pageControllerIndexActivity@2x.png"; sourceTree = "<group>"; };
		ADCAE84B1653C24E00B5EF9A /* pageControllerIndexNormal.png */ = {isa = PBXFileReference; lastKnownFileType = image.png; path = pageControllerIndexNormal.png; sourceTree = "<group>"; };
		ADCAE84C1653C24E00B5EF9A /* pageControllerIndexNormal@2x.png */ = {isa = PBXFileReference; lastKnownFileType = image.png; path = "pageControllerIndexNormal@2x.png"; sourceTree = "<group>"; };
		ADE927A31650A1450095F174 /* UIListView.app */ = {isa = PBXFileReference; explicitFileType = wrapper.application; includeInIndex = 0; path = UIListView.app; sourceTree = BUILT_PRODUCTS_DIR; };
		ADE927A71650A1450095F174 /* UIKit.framework */ = {isa = PBXFileReference; lastKnownFileType = wrapper.framework; name = UIKit.framework; path = System/Library/Frameworks/UIKit.framework; sourceTree = SDKROOT; };
		ADE927A91650A1450095F174 /* Foundation.framework */ = {isa = PBXFileReference; lastKnownFileType = wrapper.framework; name = Foundation.framework; path = System/Library/Frameworks/Foundation.framework; sourceTree = SDKROOT; };
		ADE927AB1650A1450095F174 /* CoreGraphics.framework */ = {isa = PBXFileReference; lastKnownFileType = wrapper.framework; name = CoreGraphics.framework; path = System/Library/Frameworks/CoreGraphics.framework; sourceTree = SDKROOT; };
		ADE927AF1650A1450095F174 /* UIListView-Info.plist */ = {isa = PBXFileReference; lastKnownFileType = text.plist.xml; path = "UIListView-Info.plist"; sourceTree = "<group>"; };
		ADE927B11650A1450095F174 /* en */ = {isa = PBXFileReference; lastKnownFileType = text.plist.strings; name = en; path = en.lproj/InfoPlist.strings; sourceTree = "<group>"; };
		ADE927B31650A1450095F174 /* main.m */ = {isa = PBXFileReference; lastKnownFileType = sourcecode.c.objc; path = main.m; sourceTree = "<group>"; };
		ADE927B51650A1450095F174 /* UIListView-Prefix.pch */ = {isa = PBXFileReference; lastKnownFileType = sourcecode.c.h; path = "UIListView-Prefix.pch"; sourceTree = "<group>"; };
		ADE927B61650A1450095F174 /* AppDelegate.h */ = {isa = PBXFileReference; lastKnownFileType = sourcecode.c.h; path = AppDelegate.h; sourceTree = "<group>"; };
		ADE927B71650A1450095F174 /* AppDelegate.m */ = {isa = PBXFileReference; lastKnownFileType = sourcecode.c.objc; path = AppDelegate.m; sourceTree = "<group>"; };
		ADE927C01650A1AE0095F174 /* UIListView.h */ = {isa = PBXFileReference; fileEncoding = 4; lastKnownFileType = sourcecode.c.h; path = UIListView.h; sourceTree = "<group>"; };
		ADE927C11650A1AE0095F174 /* UIListView.m */ = {isa = PBXFileReference; fileEncoding = 4; lastKnownFileType = sourcecode.c.objc; path = UIListView.m; sourceTree = "<group>"; };
		ADE927C31650A1DD0095F174 /* UIListViewCell.h */ = {isa = PBXFileReference; fileEncoding = 4; lastKnownFileType = sourcecode.c.h; path = UIListViewCell.h; sourceTree = "<group>"; };
		ADE927C41650A1DD0095F174 /* UIListViewCell.m */ = {isa = PBXFileReference; fileEncoding = 4; lastKnownFileType = sourcecode.c.objc; path = UIListViewCell.m; sourceTree = "<group>"; };
/* End PBXFileReference section */

/* Begin PBXFrameworksBuildPhase section */
		ADE927A01650A1450095F174 /* Frameworks */ = {
			isa = PBXFrameworksBuildPhase;
			buildActionMask = 2147483647;
			files = (
				ADE927A81650A1450095F174 /* UIKit.framework in Frameworks */,
				ADE927AA1650A1450095F174 /* Foundation.framework in Frameworks */,
				ADE927AC1650A1450095F174 /* CoreGraphics.framework in Frameworks */,
			);
			runOnlyForDeploymentPostprocessing = 0;
		};
/* End PBXFrameworksBuildPhase section */

/* Begin PBXGroup section */
		AD808DB216527E84007457F5 /* Resources */ = {
			isa = PBXGroup;
			children = (
				AD808DB316527E8C007457F5 /* Images */,
			);
			name = Resources;
			sourceTree = "<group>";
		};
		AD808DB316527E8C007457F5 /* Images */ = {
			isa = PBXGroup;
			children = (
				ADCAE8521653C26400B5EF9A /* pageControl */,
				ADCAE8511653C25800B5EF9A /* icons */,
			);
			name = Images;
			sourceTree = "<group>";
		};
		ADCAE8511653C25800B5EF9A /* icons */ = {
			isa = PBXGroup;
			children = (
				AD808DB416527E95007457F5 /* icon@2x.png */,
				AD808DB516527E95007457F5 /* icon.png */,
			);
			name = icons;
			sourceTree = "<group>";
		};
		ADCAE8521653C26400B5EF9A /* pageControl */ = {
			isa = PBXGroup;
			children = (
				ADCAE8491653C24E00B5EF9A /* pageControllerIndexActivity.png */,
				ADCAE84A1653C24E00B5EF9A /* pageControllerIndexActivity@2x.png */,
				ADCAE84B1653C24E00B5EF9A /* pageControllerIndexNormal.png */,
				ADCAE84C1653C24E00B5EF9A /* pageControllerIndexNormal@2x.png */,
			);
			name = pageControl;
			sourceTree = "<group>";
		};
		ADE927981650A1450095F174 = {
			isa = PBXGroup;
			children = (
				AD808DB216527E84007457F5 /* Resources */,
				ADE927BF1650A1760095F174 /* UIListView */,
				ADE927AD1650A1450095F174 /* Class */,
				ADE927A61650A1450095F174 /* Frameworks */,
				ADE927A41650A1450095F174 /* Products */,
			);
			sourceTree = "<group>";
		};
		ADE927A41650A1450095F174 /* Products */ = {
			isa = PBXGroup;
			children = (
				ADE927A31650A1450095F174 /* UIListView.app */,
			);
			name = Products;
			sourceTree = "<group>";
		};
		ADE927A61650A1450095F174 /* Frameworks */ = {
			isa = PBXGroup;
			children = (
				ADE927A71650A1450095F174 /* UIKit.framework */,
				ADE927A91650A1450095F174 /* Foundation.framework */,
				ADE927AB1650A1450095F174 /* CoreGraphics.framework */,
			);
			name = Frameworks;
			sourceTree = "<group>";
		};
		ADE927AD1650A1450095F174 /* Class */ = {
			isa = PBXGroup;
			children = (
				ADE927B61650A1450095F174 /* AppDelegate.h */,
				ADE927B71650A1450095F174 /* AppDelegate.m */,
				ADE927AE1650A1450095F174 /* Supporting Files */,
				ADC7771016512B7200AA11E1 /* ViewController.h */,
				ADC7771116512B7200AA11E1 /* ViewController.m */,
			);
			name = Class;
			path = UIListView;
			sourceTree = "<group>";
		};
		ADE927AE1650A1450095F174 /* Supporting Files */ = {
			isa = PBXGroup;
			children = (
				ADE927AF1650A1450095F174 /* UIListView-Info.plist */,
				ADE927B01650A1450095F174 /* InfoPlist.strings */,
				ADE927B31650A1450095F174 /* main.m */,
				ADE927B51650A1450095F174 /* UIListView-Prefix.pch */,
			);
			name = "Supporting Files";
			sourceTree = "<group>";
		};
		ADE927BF1650A1760095F174 /* UIListView */ = {
			isa = PBXGroup;
			children = (
				ADE927C01650A1AE0095F174 /* UIListView.h */,
				ADE927C11650A1AE0095F174 /* UIListView.m */,
				ADE927C31650A1DD0095F174 /* UIListViewCell.h */,
				ADE927C41650A1DD0095F174 /* UIListViewCell.m */,
			);
			name = UIListView;
			sourceTree = "<group>";
		};
/* End PBXGroup section */

/* Begin PBXNativeTarget section */
		ADE927A21650A1450095F174 /* UIListView */ = {
			isa = PBXNativeTarget;
			buildConfigurationList = ADE927BB1650A1450095F174 /* Build configuration list for PBXNativeTarget "UIListView" */;
			buildPhases = (
				ADE9279F1650A1450095F174 /* Sources */,
				ADE927A01650A1450095F174 /* Frameworks */,
				ADE927A11650A1450095F174 /* Resources */,
			);
			buildRules = (
			);
			dependencies = (
			);
			name = UIListView;
			productName = UIListView;
			productReference = ADE927A31650A1450095F174 /* UIListView.app */;
			productType = "com.apple.product-type.application";
		};
/* End PBXNativeTarget section */

/* Begin PBXProject section */
		ADE9279A1650A1450095F174 /* Project object */ = {
			isa = PBXProject;
			attributes = {
				LastUpgradeCheck = 0430;
			};
			buildConfigurationList = ADE9279D1650A1450095F174 /* Build configuration list for PBXProject "UIListView" */;
			compatibilityVersion = "Xcode 3.2";
			developmentRegion = English;
			hasScannedForEncodings = 0;
			knownRegions = (
				en,
			);
			mainGroup = ADE927981650A1450095F174;
			productRefGroup = ADE927A41650A1450095F174 /* Products */;
			projectDirPath = "";
			projectRoot = "";
			targets = (
				ADE927A21650A1450095F174 /* UIListView */,
			);
		};
/* End PBXProject section */

/* Begin PBXResourcesBuildPhase section */
		ADE927A11650A1450095F174 /* Resources */ = {
			isa = PBXResourcesBuildPhase;
			buildActionMask = 2147483647;
			files = (
				ADE927B21650A1450095F174 /* InfoPlist.strings in Resources */,
				AD808DB616527E95007457F5 /* icon@2x.png in Resources */,
				AD808DB716527E95007457F5 /* icon.png in Resources */,
				ADCAE84D1653C24E00B5EF9A /* pageControllerIndexActivity.png in Resources */,
				ADCAE84E1653C24E00B5EF9A /* pageControllerIndexActivity@2x.png in Resources */,
				ADCAE84F1653C24E00B5EF9A /* pageControllerIndexNormal.png in Resources */,
				ADCAE8501653C24E00B5EF9A /* pageControllerIndexNormal@2x.png in Resources */,
			);
			runOnlyForDeploymentPostprocessing = 0;
		};
/* End PBXResourcesBuildPhase section */

/* Begin PBXSourcesBuildPhase section */
		ADE9279F1650A1450095F174 /* Sources */ = {
			isa = PBXSourcesBuildPhase;
			buildActionMask = 2147483647;
			files = (
				ADE927B41650A1450095F174 /* main.m in Sources */,
				ADE927B81650A1450095F174 /* AppDelegate.m in Sources */,
				ADE927C21650A1AE0095F174 /* UIListView.m in Sources */,
				ADE927C51650A1DD0095F174 /* UIListViewCell.m in Sources */,
				ADC7771216512B7200AA11E1 /* ViewController.m in Sources */,
			);
			runOnlyForDeploymentPostprocessing = 0;
		};
/* End PBXSourcesBuildPhase section */

/* Begin PBXVariantGroup section */
		ADE927B01650A1450095F174 /* InfoPlist.strings */ = {
			isa = PBXVariantGroup;
			children = (
				ADE927B11650A1450095F174 /* en */,
			);
			name = InfoPlist.strings;
			sourceTree = "<group>";
		};
/* End PBXVariantGroup section */

/* Begin XCBuildConfiguration section */
		ADE927B91650A1450095F174 /* Debug */ = {
			isa = XCBuildConfiguration;
			buildSettings = {
				ALWAYS_SEARCH_USER_PATHS = NO;
				ARCHS = (
					armv6,
					armv7,
					armv7s,
				);
				"CODE_SIGN_IDENTITY[sdk=iphoneos*]" = "iPhone Developer";
				COPY_PHASE_STRIP = NO;
				GCC_C_LANGUAGE_STANDARD = gnu99;
				GCC_DYNAMIC_NO_PIC = NO;
				GCC_OPTIMIZATION_LEVEL = 0;
				GCC_PREPROCESSOR_DEFINITIONS = (
					"DEBUG=1",
					"$(inherited)",
				);
				GCC_SYMBOLS_PRIVATE_EXTERN = NO;
				GCC_VERSION = com.apple.compilers.llvm.clang.1_0;
				GCC_WARN_ABOUT_RETURN_TYPE = YES;
				GCC_WARN_UNINITIALIZED_AUTOS = YES;
				GCC_WARN_UNUSED_VARIABLE = YES;
				IPHONEOS_DEPLOYMENT_TARGET = 4.0;
				SDKROOT = iphoneos;
			};
			name = Debug;
		};
		ADE927BA1650A1450095F174 /* Release */ = {
			isa = XCBuildConfiguration;
			buildSettings = {
				ALWAYS_SEARCH_USER_PATHS = NO;
				ARCHS = (
					armv6,
					armv7,
					armv7s,
				);
				"CODE_SIGN_IDENTITY[sdk=iphoneos*]" = "iPhone Developer";
				COPY_PHASE_STRIP = YES;
				GCC_C_LANGUAGE_STANDARD = gnu99;
				GCC_VERSION = com.apple.compilers.llvm.clang.1_0;
				GCC_WARN_ABOUT_RETURN_TYPE = YES;
				GCC_WARN_UNINITIALIZED_AUTOS = YES;
				GCC_WARN_UNUSED_VARIABLE = YES;
				IPHONEOS_DEPLOYMENT_TARGET = 4.0;
				OTHER_CFLAGS = "-DNS_BLOCK_ASSERTIONS=1";
				SDKROOT = iphoneos;
				VALIDATE_PRODUCT = YES;
			};
			name = Release;
		};
		ADE927BC1650A1450095F174 /* Debug */ = {
			isa = XCBuildConfiguration;
			buildSettings = {
				ARCHS = (
					armv6,
					armv7,
					armv7s,
				);
				GCC_PRECOMPILE_PREFIX_HEADER = YES;
				GCC_PREFIX_HEADER = "UIListView/UIListView-Prefix.pch";
				INFOPLIST_FILE = "UIListView/UIListView-Info.plist";
				IPHONEOS_DEPLOYMENT_TARGET = 6.0;
				PRODUCT_NAME = "$(TARGET_NAME)";
				WRAPPER_EXTENSION = app;
			};
			name = Debug;
		};
		ADE927BD1650A1450095F174 /* Release */ = {
			isa = XCBuildConfiguration;
			buildSettings = {
				ARCHS = (
					armv6,
					armv7,
					armv7s,
				);
				GCC_PRECOMPILE_PREFIX_HEADER = YES;
				GCC_PREFIX_HEADER = "UIListView/UIListView-Prefix.pch";
				INFOPLIST_FILE = "UIListView/UIListView-Info.plist";
				IPHONEOS_DEPLOYMENT_TARGET = 6.0;
				PRODUCT_NAME = "$(TARGET_NAME)";
				WRAPPER_EXTENSION = app;
			};
			name = Release;
		};
/* End XCBuildConfiguration section */

/* Begin XCConfigurationList section */
		ADE9279D1650A1450095F174 /* Build configuration list for PBXProject "UIListView" */ = {
			isa = XCConfigurationList;
			buildConfigurations = (
				ADE927B91650A1450095F174 /* Debug */,
				ADE927BA1650A1450095F174 /* Release */,
			);
			defaultConfigurationIsVisible = 0;
			defaultConfigurationName = Release;
		};
		ADE927BB1650A1450095F174 /* Build configuration list for PBXNativeTarget "UIListView" */ = {
			isa = XCConfigurationList;
			buildConfigurations = (
				ADE927BC1650A1450095F174 /* Debug */,
				ADE927BD1650A1450095F174 /* Release */,
			);
			defaultConfigurationIsVisible = 0;
			defaultConfigurationName = Release;
		};
/* End XCConfigurationList section */
	};
	rootObject = ADE9279A1650A1450095F174 /* Project object */;
}
